# This file is generated by `zrail update`; do not edit by hand.
schema = 1
semantics = 1
producer = "0.0.1"
contract_sha256 = "97bd018de3e5de04e3267493e25e8754e6356a2f20f645ea79976b9ecc7dd3dc"
ratchet = []

[[package]]
name = "calandria"

[[package.dependency]]
alias = "loom"
name = "loom"
kind = "development"
scope = "external"
optional = false
default_features = true

[package.dependency.source]
kind = "registry"
requirement = "0.7.2"

[[package]]
name = "calandria-mio"

[[package.dependency]]
alias = "calandria"
name = "calandria"
crate_root = "calandria"
kind = "normal"
scope = "internal"
optional = false
default_features = false
features = ["std"]

[package.dependency.source]
kind = "workspace-member"
directory = "crates/calandria"
requirement = "=0.0.1-rc.2"

[[package.dependency]]
alias = "mio"
name = "mio"
kind = "normal"
scope = "external"
optional = false
default_features = false
features = ["os-poll"]

[package.dependency.source]
kind = "registry"
requirement = "1.2.2"

[[package.dependency]]
alias = "mio"
name = "mio"
kind = "development"
scope = "external"
optional = false
default_features = false
features = [
    "net",
    "os-poll",
]

[package.dependency.source]
kind = "registry"
requirement = "1.2.2"

[[package]]
name = "calandria-sim"

[[package.dependency]]
alias = "calandria"
name = "calandria"
crate_root = "calandria"
kind = "normal"
scope = "internal"
optional = false
default_features = false
features = ["alloc"]

[package.dependency.source]
kind = "workspace-member"
directory = "crates/calandria"
requirement = "=0.0.1-rc.2"
